PODS:
  - Flutter (1.0.0)
  - flutter_native_colorpicker (2.0.0):
    - Flutter

DEPENDENCIES:
  - Flutter (from `Flutter`)
  - flutter_native_colorpicker (from `.symlinks/plugins/flutter_native_colorpicker/ios`)

EXTERNAL SOURCES:
  Flutter:
    :path: Flutter
  flutter_native_colorpicker:
    :path: ".symlinks/plugins/flutter_native_colorpicker/ios"

SPEC CHECKSUMS:
  Flutter: f04841e97a9d0b0a8025694d0796dd46242b2854
  flutter_native_colorpicker: 0c70585de90a527cb74339a86fe9c223dd47ab12

PODFILE CHECKSUM: aafe91acc616949ddb318b77800a7f51bffa2a4c

COCOAPODS: 1.12.1
