PODS:
  - Flutter (1.0.0)
  - flutter_native_colorpicker (2.0.1):
    - Flutter

DEPENDENCIES:
  - Flutter (from `Flutter`)
  - flutter_native_colorpicker (from `.symlinks/plugins/flutter_native_colorpicker/ios`)

EXTERNAL SOURCES:
  Flutter:
    :path: Flutter
  flutter_native_colorpicker:
    :path: ".symlinks/plugins/flutter_native_colorpicker/ios"

SPEC CHECKSUMS:
  Flutter: f04841e97a9d0b0a8025694d0796dd46242b2854
  flutter_native_colorpicker: 56b617572eacbdbc4f468baa6b6e7501270721d7

PODFILE CHECKSUM: aafe91acc616949ddb318b77800a7f51bffa2a4c

COCOAPODS: 1.12.1
