PODS:
  - Flutter (1.0.0)
  - flutter_native_colorpicker (0.0.1):
    - Flutter

DEPENDENCIES:
  - Flutter (from `Flutter`)
  - flutter_native_colorpicker (from `.symlinks/plugins/flutter_native_colorpicker/ios`)

EXTERNAL SOURCES:
  Flutter:
    :path: Flutter
  flutter_native_colorpicker:
    :path: ".symlinks/plugins/flutter_native_colorpicker/ios"

SPEC CHECKSUMS:
  Flutter: 0e3d915762c693b495b44d77113d4970485de6ec
  flutter_native_colorpicker: 040deea3f9b6de6202f724186e3f0802320cc2e5

PODFILE CHECKSUM: aafe91acc616949ddb318b77800a7f51bffa2a4c

COCOAPODS: 1.9.3
